
Microsoft Visual Studio Solution File, Format Version 12.00
# Visual Studio Version 17
VisualStudioVersion = 17.1.32210.238
MinimumVisualStudioVersion = 10.0.40219.1
Project("{FAE04EC0-301F-11D3-BF4B-00C04F79EFBC}") = "Upgift_4._22", "Upgift_4._22\Upgift_4._22.csproj", "{8E3CDDD3-2755-4647-91B0-E493F20AEDE6}"
EndProject
Global
	GlobalSection(SolutionConfigurationPlatforms) = preSolution
		Debug|Any CPU = Debug|Any CPU
		Release|Any CPU = Release|Any CPU
	EndGlobalSection
	GlobalSection(ProjectConfigurationPlatforms) = postSolution
		{8E3CDDD3-2755-4647-91B0-E493F20AEDE6}.Debug|Any CPU.ActiveCfg = Debug|Any CPU
		{8E3CDDD3-2755-4647-91B0-E493F20AEDE6}.Debug|Any CPU.Build.0 = Debug|Any CPU
		{8E3CDDD3-2755-4647-91B0-E493F20AEDE6}.Release|Any CPU.ActiveCfg = Release|Any CPU
		{8E3CDDD3-2755-4647-91B0-E493F20AEDE6}.Release|Any CPU.Build.0 = Release|Any CPU
	EndGlobalSection
	GlobalSection(SolutionProperties) = preSolution
		HideSolutionNode = FALSE
	EndGlobalSection
	GlobalSection(ExtensibilityGlobals) = postSolution
		SolutionGuid = {08DF82E6-7FD0-4A04-B198-EE8AEA072313}
	EndGlobalSection
EndGlobal
